<?xml version="1.0" encoding="utf-8"?>
<Project ToolsVersion="4.0" xmlns="http://schemas.microsoft.com/developer/msbuild/2003">
  <ItemGroup>
    <Filter Include="Source Files">
      <UniqueIdentifier>{4FC737F1-C7A5-4376-A066-2A32D752A2FF}</UniqueIdentifier>
      <Extensions>cpp;c;cc;cxx;c++;cppm;ixx;def;odl;idl;hpj;bat;asm;asmx</Extensions>
    </Filter>
    <Filter Include="Header Files">
      <UniqueIdentifier>{93995380-89BD-4b04-88EB-625FBE52EBFB}</UniqueIdentifier>
      <Extensions>h;hh;hpp;hxx;h++;hm;inl;inc;ipp;xsd</Extensions>
    </Filter>
    <Filter Include="Resource Files">
      <UniqueIdentifier>{67DA6AB6-F800-4c08-8B7A-83BB121AAD01}</UniqueIdentifier>
      <Extensions>rc;ico;cur;bmp;dlg;rc2;rct;bin;rgs;gif;jpg;jpeg;jpe;resx;tiff;tif;png;wav;mfcribbon-ms</Extensions>
    </Filter>
    <Filter Include="Engine">
      <UniqueIdentifier>{b0b5e974-0bcb-48b0-8cae-c0a6d4195888}</UniqueIdentifier>
    </Filter>
    <Filter Include="Engine\01. Header">
      <UniqueIdentifier>{972c2f71-f05f-4969-9098-f4df8e5fbe70}</UniqueIdentifier>
    </Filter>
    <Filter Include="Engine\02. Core">
      <UniqueIdentifier>{a3f23eb2-a76d-450d-8b85-6ab6d30d1db1}</UniqueIdentifier>
    </Filter>
    <Filter Include="Engine\03. Manager">
      <UniqueIdentifier>{ab1e0fea-0457-4b74-a45f-a1ed04f31e17}</UniqueIdentifier>
    </Filter>
    <Filter Include="Engine\04. Object">
      <UniqueIdentifier>{3fc0ee42-2c39-451c-89df-d17d80c0335a}</UniqueIdentifier>
    </Filter>
    <Filter Include="Engine\03. Manager\KeyManager">
      <UniqueIdentifier>{5911aec2-2351-4f1a-bd50-b4c611ce1ded}</UniqueIdentifier>
    </Filter>
    <Filter Include="Engine\03. Manager\TimeManager">
      <UniqueIdentifier>{d0f78827-43d8-400a-aab1-edd176c71916}</UniqueIdentifier>
    </Filter>
    <Filter Include="Engine\05. Scene">
      <UniqueIdentifier>{0ebed478-14d5-4ab1-898a-c50e1846c15d}</UniqueIdentifier>
    </Filter>
    <Filter Include="Engine\03. Manager\SceneManager">
      <UniqueIdentifier>{269bc0ca-dc36-487c-a11f-44d65db79a1f}</UniqueIdentifier>
    </Filter>
    <Filter Include="Engine\03. Manager\SaveManager">
      <UniqueIdentifier>{29436f01-dc8d-4f57-bbc8-4992c07e7e9c}</UniqueIdentifier>
    </Filter>
    <Filter Include="Content">
      <UniqueIdentifier>{c0ad2733-2fa1-44d6-b1de-6d249510241e}</UniqueIdentifier>
    </Filter>
    <Filter Include="Content\Map">
      <UniqueIdentifier>{5eaefa06-2b60-4cb4-a103-8a404a3a1e1e}</UniqueIdentifier>
    </Filter>
    <Filter Include="Engine\04. Object\Character">
      <UniqueIdentifier>{b80aa465-64fb-4a3b-bf36-cc1043dc8041}</UniqueIdentifier>
    </Filter>
    <Filter Include="Engine\04. Object\Character\Player">
      <UniqueIdentifier>{4cb7d1f1-77ca-4044-874c-bd9a81e2180d}</UniqueIdentifier>
    </Filter>
    <Filter Include="Engine\04. Object\Character\Monster">
      <UniqueIdentifier>{71a966ee-2652-4ebd-8bdb-0baf4f8a111d}</UniqueIdentifier>
    </Filter>
    <Filter Include="Engine\06. Resource">
      <UniqueIdentifier>{14dffaa0-5285-48e2-b29c-4e466d9bc18f}</UniqueIdentifier>
    </Filter>
    <Filter Include="Engine\06. Resource\Texture">
      <UniqueIdentifier>{29ff0dc5-2264-4826-85d4-46426ea03987}</UniqueIdentifier>
    </Filter>
    <Filter Include="Engine\06. Resource\Sound">
      <UniqueIdentifier>{1d1962bb-feab-4694-8767-b5cf22f7b242}</UniqueIdentifier>
    </Filter>
    <Filter Include="Engine\03. Manager\PathManager">
      <UniqueIdentifier>{de5b84e3-30e6-41c6-a120-7844e95131d4}</UniqueIdentifier>
    </Filter>
    <Filter Include="Engine\03. Manager\ResourceManager">
      <UniqueIdentifier>{cfa663a7-1155-477b-94b2-a49ad7b3ab64}</UniqueIdentifier>
    </Filter>
    <Filter Include="Engine\07. Component">
      <UniqueIdentifier>{65b1c5f0-560b-4839-9f91-383c15d21124}</UniqueIdentifier>
    </Filter>
    <Filter Include="Engine\07. Component\Collider">
      <UniqueIdentifier>{9e71b7f8-8dab-4e95-b56e-90358b3d9a1a}</UniqueIdentifier>
    </Filter>
  </ItemGroup>
  <ItemGroup>
    <ClInclude Include="framework.h">
      <Filter>Header Files</Filter>
    </ClInclude>
    <ClInclude Include="targetver.h">
      <Filter>Header Files</Filter>
    </ClInclude>
    <ClInclude Include="Resource.h">
      <Filter>Header Files</Filter>
    </ClInclude>
    <ClInclude Include="WinAPI_RPG.h">
      <Filter>Header Files</Filter>
    </ClInclude>
    <ClInclude Include="CCore.h">
      <Filter>Engine\02. Core</Filter>
    </ClInclude>
    <ClInclude Include="define.h">
      <Filter>Engine\01. Header</Filter>
    </ClInclude>
    <ClInclude Include="pch.h">
      <Filter>Source Files</Filter>
    </ClInclude>
    <ClInclude Include="CObject.h">
      <Filter>Engine\04. Object</Filter>
    </ClInclude>
    <ClInclude Include="struct.h">
      <Filter>Engine\01. Header</Filter>
    </ClInclude>
    <ClInclude Include="CTimeManager.h">
      <Filter>Engine\03. Manager\TimeManager</Filter>
    </ClInclude>
    <ClInclude Include="CKeyManager.h">
      <Filter>Engine\03. Manager\KeyManager</Filter>
    </ClInclude>
    <ClInclude Include="CScene.h">
      <Filter>Engine\05. Scene</Filter>
    </ClInclude>
    <ClInclude Include="enum.h">
      <Filter>Engine\01. Header</Filter>
    </ClInclude>
    <ClInclude Include="CSceneManager.h">
      <Filter>Engine\03. Manager\SceneManager</Filter>
    </ClInclude>
    <ClInclude Include="CSaveManager.h">
      <Filter>Engine\03. Manager\SaveManager</Filter>
    </ClInclude>
    <ClInclude Include="CPlayer.h">
      <Filter>Engine\04. Object\Character\Player</Filter>
    </ClInclude>
    <ClInclude Include="memory.h">
      <Filter>Engine\01. Header</Filter>
    </ClInclude>
    <ClInclude Include="CCharacter.h">
      <Filter>Engine\04. Object\Character</Filter>
    </ClInclude>
    <ClInclude Include="CMonster.h">
      <Filter>Engine\04. Object\Character\Monster</Filter>
    </ClInclude>
    <ClInclude Include="CResource.h">
      <Filter>Engine\06. Resource</Filter>
    </ClInclude>
    <ClInclude Include="CTexture.h">
      <Filter>Engine\06. Resource\Texture</Filter>
    </ClInclude>
    <ClInclude Include="constant.h">
      <Filter>Engine\01. Header</Filter>
    </ClInclude>
    <ClInclude Include="CPathManager.h">
      <Filter>Engine\03. Manager\PathManager</Filter>
    </ClInclude>
    <ClInclude Include="CSound.h">
      <Filter>Engine\06. Resource\Sound</Filter>
    </ClInclude>
    <ClInclude Include="CResourceManager.h">
      <Filter>Engine\03. Manager\ResourceManager</Filter>
    </ClInclude>
    <ClInclude Include="CCollider.h">
      <Filter>Engine\07. Component\Collider</Filter>
    </ClInclude>
  </ItemGroup>
  <ItemGroup>
    <ClCompile Include="main.cpp">
      <Filter>Source Files</Filter>
    </ClCompile>
    <ClCompile Include="CCore.cpp">
      <Filter>Engine\02. Core</Filter>
    </ClCompile>
    <ClCompile Include="pch.cpp">
      <Filter>Source Files</Filter>
    </ClCompile>
    <ClCompile Include="CObject.cpp">
      <Filter>Engine\04. Object</Filter>
    </ClCompile>
    <ClCompile Include="CTimeManager.cpp">
      <Filter>Engine\03. Manager\TimeManager</Filter>
    </ClCompile>
    <ClCompile Include="CKeyManager.cpp">
      <Filter>Engine\03. Manager\KeyManager</Filter>
    </ClCompile>
    <ClCompile Include="CScene.cpp">
      <Filter>Engine\05. Scene</Filter>
    </ClCompile>
    <ClCompile Include="CSceneManager.cpp">
      <Filter>Engine\03. Manager\SceneManager</Filter>
    </ClCompile>
    <ClCompile Include="CSaveManager.cpp">
      <Filter>Engine\03. Manager\SaveManager</Filter>
    </ClCompile>
    <ClCompile Include="CPlayer.cpp">
      <Filter>Engine\04. Object\Character\Player</Filter>
    </ClCompile>
    <ClCompile Include="CCharacter.cpp">
      <Filter>Engine\04. Object\Character</Filter>
    </ClCompile>
    <ClCompile Include="CMonster.cpp">
      <Filter>Engine\04. Object\Character\Monster</Filter>
    </ClCompile>
    <ClCompile Include="CResource.cpp">
      <Filter>Engine\06. Resource</Filter>
    </ClCompile>
    <ClCompile Include="CTexture.cpp">
      <Filter>Engine\06. Resource\Texture</Filter>
    </ClCompile>
    <ClCompile Include="CPathManager.cpp">
      <Filter>Engine\03. Manager\PathManager</Filter>
    </ClCompile>
    <ClCompile Include="CSound.cpp">
      <Filter>Engine\06. Resource\Sound</Filter>
    </ClCompile>
    <ClCompile Include="CResourceManager.cpp">
      <Filter>Engine\03. Manager\ResourceManager</Filter>
    </ClCompile>
    <ClCompile Include="CCollider.cpp">
      <Filter>Engine\07. Component\Collider</Filter>
    </ClCompile>
  </ItemGroup>
  <ItemGroup>
    <ResourceCompile Include="WinAPI_RPG.rc">
      <Filter>Resource Files</Filter>
    </ResourceCompile>
  </ItemGroup>
  <ItemGroup>
    <Image Include="small.ico">
      <Filter>Resource Files</Filter>
    </Image>
    <Image Include="WinAPI_RPG.ico">
      <Filter>Resource Files</Filter>
    </Image>
  </ItemGroup>
  <ItemGroup>
    <None Include="Map1.json">
      <Filter>Content\Map</Filter>
    </None>
  </ItemGroup>
</Project>