<?xml version="1.0" encoding="utf-8"?>
<Project ToolsVersion="4.0" xmlns="http://schemas.microsoft.com/developer/msbuild/2003">
  <ItemGroup>
    <Filter Include="Source Files">
      <UniqueIdentifier>{4FC737F1-C7A5-4376-A066-2A32D752A2FF}</UniqueIdentifier>
      <Extensions>cpp;c;cc;cxx;c++;cppm;ixx;def;odl;idl;hpj;bat;asm;asmx</Extensions>
    </Filter>
    <Filter Include="Header Files">
      <UniqueIdentifier>{93995380-89BD-4b04-88EB-625FBE52EBFB}</UniqueIdentifier>
      <Extensions>h;hh;hpp;hxx;h++;hm;inl;inc;ipp;xsd</Extensions>
    </Filter>
    <Filter Include="Resource Files">
      <UniqueIdentifier>{67DA6AB6-F800-4c08-8B7A-83BB121AAD01}</UniqueIdentifier>
      <Extensions>rc;ico;cur;bmp;dlg;rc2;rct;bin;rgs;gif;jpg;jpeg;jpe;resx;tiff;tif;png;wav;mfcribbon-ms</Extensions>
    </Filter>
    <Filter Include="Engine">
      <UniqueIdentifier>{b0b5e974-0bcb-48b0-8cae-c0a6d4195888}</UniqueIdentifier>
    </Filter>
    <Filter Include="Content">
      <UniqueIdentifier>{c0ad2733-2fa1-44d6-b1de-6d249510241e}</UniqueIdentifier>
    </Filter>
    <Filter Include="Content\Map">
      <UniqueIdentifier>{5eaefa06-2b60-4cb4-a103-8a404a3a1e1e}</UniqueIdentifier>
    </Filter>
    <Filter Include="Engine\02. Manager">
      <UniqueIdentifier>{ab1e0fea-0457-4b74-a45f-a1ed04f31e17}</UniqueIdentifier>
    </Filter>
    <Filter Include="Engine\02. Manager\KeyManager">
      <UniqueIdentifier>{5911aec2-2351-4f1a-bd50-b4c611ce1ded}</UniqueIdentifier>
    </Filter>
    <Filter Include="Engine\02. Manager\TimeManager">
      <UniqueIdentifier>{d0f78827-43d8-400a-aab1-edd176c71916}</UniqueIdentifier>
    </Filter>
    <Filter Include="Engine\02. Manager\SceneManager">
      <UniqueIdentifier>{269bc0ca-dc36-487c-a11f-44d65db79a1f}</UniqueIdentifier>
    </Filter>
    <Filter Include="Engine\02. Manager\SaveManager">
      <UniqueIdentifier>{29436f01-dc8d-4f57-bbc8-4992c07e7e9c}</UniqueIdentifier>
    </Filter>
    <Filter Include="Engine\02. Manager\PathManager">
      <UniqueIdentifier>{de5b84e3-30e6-41c6-a120-7844e95131d4}</UniqueIdentifier>
    </Filter>
    <Filter Include="Engine\02. Manager\ResourceManager">
      <UniqueIdentifier>{cfa663a7-1155-477b-94b2-a49ad7b3ab64}</UniqueIdentifier>
    </Filter>
    <Filter Include="Engine\02. Manager\GameManager">
      <UniqueIdentifier>{455feb0a-8731-4a45-8438-fd0e2cd3b8b4}</UniqueIdentifier>
    </Filter>
    <Filter Include="Engine\01. Util">
      <UniqueIdentifier>{972c2f71-f05f-4969-9098-f4df8e5fbe70}</UniqueIdentifier>
    </Filter>
    <Filter Include="Engine\01. Util\Struct">
      <UniqueIdentifier>{1c3e02cc-f875-4dd4-8582-daed3078d2af}</UniqueIdentifier>
    </Filter>
    <Filter Include="Engine\01. Util\Type">
      <UniqueIdentifier>{0fbe7ae2-2e24-47be-b144-f91d6a67671a}</UniqueIdentifier>
    </Filter>
    <Filter Include="Engine\02. Manager\UIManager">
      <UniqueIdentifier>{1bc2dba1-8cf0-4d6d-b53c-1af41211baaf}</UniqueIdentifier>
    </Filter>
    <Filter Include="Engine\03. Object">
      <UniqueIdentifier>{3fc0ee42-2c39-451c-89df-d17d80c0335a}</UniqueIdentifier>
    </Filter>
    <Filter Include="Engine\04. Component">
      <UniqueIdentifier>{65b1c5f0-560b-4839-9f91-383c15d21124}</UniqueIdentifier>
    </Filter>
    <Filter Include="Engine\04. Component\Collider">
      <UniqueIdentifier>{9e71b7f8-8dab-4e95-b56e-90358b3d9a1a}</UniqueIdentifier>
    </Filter>
    <Filter Include="Engine\04. Component\Animator">
      <UniqueIdentifier>{d5c541da-bf34-4c81-8688-9a194f493e6f}</UniqueIdentifier>
    </Filter>
    <Filter Include="Engine\04. Component\Inventory">
      <UniqueIdentifier>{0ff4b0e9-9c7d-4d9b-8fa3-60ba6503449b}</UniqueIdentifier>
    </Filter>
    <Filter Include="Engine\04. Component\Equipment">
      <UniqueIdentifier>{ba734a1a-52dc-4068-9846-30c399e59d11}</UniqueIdentifier>
    </Filter>
    <Filter Include="Engine\04. Component\Resource">
      <UniqueIdentifier>{14dffaa0-5285-48e2-b29c-4e466d9bc18f}</UniqueIdentifier>
    </Filter>
    <Filter Include="Engine\04. Component\Resource\Texture">
      <UniqueIdentifier>{29ff0dc5-2264-4826-85d4-46426ea03987}</UniqueIdentifier>
    </Filter>
    <Filter Include="Engine\04. Component\Resource\Sound">
      <UniqueIdentifier>{1d1962bb-feab-4694-8767-b5cf22f7b242}</UniqueIdentifier>
    </Filter>
    <Filter Include="Engine\03. Object\Character">
      <UniqueIdentifier>{b80aa465-64fb-4a3b-bf36-cc1043dc8041}</UniqueIdentifier>
    </Filter>
    <Filter Include="Engine\03. Object\Map">
      <UniqueIdentifier>{f6f76c1d-799c-468f-a658-ab87bc7ece4f}</UniqueIdentifier>
    </Filter>
    <Filter Include="Engine\03. Object\Skill">
      <UniqueIdentifier>{8e660031-6c26-4b30-aeb0-5e9ea2e0995f}</UniqueIdentifier>
    </Filter>
    <Filter Include="Engine\03. Object\Character\Monster">
      <UniqueIdentifier>{71a966ee-2652-4ebd-8bdb-0baf4f8a111d}</UniqueIdentifier>
    </Filter>
    <Filter Include="Engine\03. Object\Character\Player">
      <UniqueIdentifier>{4cb7d1f1-77ca-4044-874c-bd9a81e2180d}</UniqueIdentifier>
    </Filter>
    <Filter Include="Engine\03. Object\Character\NPC">
      <UniqueIdentifier>{de5b1798-08ea-4aa1-bb26-62fe29a2b6bc}</UniqueIdentifier>
    </Filter>
    <Filter Include="Engine\03. Object\Map\Portal">
      <UniqueIdentifier>{b89afca3-3728-42df-a6c1-0937c9b170ac}</UniqueIdentifier>
    </Filter>
    <Filter Include="Engine\00. Base">
      <UniqueIdentifier>{0be84a63-0afd-49d0-b21d-d3a7966bcefa}</UniqueIdentifier>
    </Filter>
    <Filter Include="Engine\05. Scene">
      <UniqueIdentifier>{0ebed478-14d5-4ab1-898a-c50e1846c15d}</UniqueIdentifier>
    </Filter>
    <Filter Include="Engine\06. UI">
      <UniqueIdentifier>{a0a4260f-883e-4832-9c6b-06850c4890cb}</UniqueIdentifier>
    </Filter>
    <Filter Include="Engine\06. UI\InventoryUI">
      <UniqueIdentifier>{c46b49f2-f39a-4891-80ae-adb71e8b5185}</UniqueIdentifier>
    </Filter>
    <Filter Include="Engine\03. Object\Skill\Projectile">
      <UniqueIdentifier>{19615626-fa90-49bf-9ba5-8b78deaf675c}</UniqueIdentifier>
    </Filter>
    <Filter Include="Engine\01. Util\Factory">
      <UniqueIdentifier>{d55a418f-39c1-4557-b0c8-cd92510382cf}</UniqueIdentifier>
    </Filter>
    <Filter Include="Engine\06. UI\DamageUI">
      <UniqueIdentifier>{4b663149-1dcc-4bc2-84fb-24d5c4c4e5cd}</UniqueIdentifier>
    </Filter>
    <Filter Include="Engine\02. Manager\EventManager">
      <UniqueIdentifier>{6e8cde4f-df7b-4562-bbd6-f38288001d6f}</UniqueIdentifier>
    </Filter>
    <Filter Include="Engine\01. Util\Event">
      <UniqueIdentifier>{2e8ddca9-8d63-4b8e-b3cf-8803b57b73f2}</UniqueIdentifier>
    </Filter>
    <Filter Include="Engine\03. Object\Item">
      <UniqueIdentifier>{c5594afc-5ce8-471b-a5ee-ccac78a3a4a4}</UniqueIdentifier>
    </Filter>
    <Filter Include="Engine\03. Object\Item\Equip">
      <UniqueIdentifier>{1bc4acac-a091-4e8c-a949-ed274deb996e}</UniqueIdentifier>
    </Filter>
    <Filter Include="Engine\03. Object\Item\Consume">
      <UniqueIdentifier>{404b555e-e80c-47dc-8354-8f9ceb113b5e}</UniqueIdentifier>
    </Filter>
    <Filter Include="Engine\03. Object\Item\Misc">
      <UniqueIdentifier>{8a7e0b6c-ea35-486b-a105-c328904193e9}</UniqueIdentifier>
    </Filter>
    <Filter Include="Engine\03. Object\Item\Setup">
      <UniqueIdentifier>{d488f3ee-ae58-43da-b283-96947b519dff}</UniqueIdentifier>
    </Filter>
    <Filter Include="Engine\03. Object\Controller">
      <UniqueIdentifier>{6c465f50-b76a-4423-924c-01f493ae4831}</UniqueIdentifier>
    </Filter>
    <Filter Include="Engine\03. Object\Cursor">
      <UniqueIdentifier>{87f21a36-8756-4619-b95e-b0e55db79d5c}</UniqueIdentifier>
    </Filter>
    <Filter Include="Engine\02. Manager\CollisionManager">
      <UniqueIdentifier>{68f5ef6a-da14-4649-9d76-c0b2599851a6}</UniqueIdentifier>
    </Filter>
    <Filter Include="Engine\01. Util\Math">
      <UniqueIdentifier>{053b4de4-0afa-4357-9193-59f769a27bf5}</UniqueIdentifier>
    </Filter>
    <Filter Include="Engine\01. Util\Transform">
      <UniqueIdentifier>{07299025-db49-4027-9fc6-603992269d6c}</UniqueIdentifier>
    </Filter>
    <Filter Include="Third-party">
      <UniqueIdentifier>{00e46a30-011f-44af-ae32-15224e820e92}</UniqueIdentifier>
    </Filter>
    <Filter Include="Engine\06. UI\EquipmentUI">
      <UniqueIdentifier>{61b5f9e6-230b-49e4-b0e8-a61720c367d2}</UniqueIdentifier>
    </Filter>
  </ItemGroup>
  <ItemGroup>
    <ClInclude Include="framework.h">
      <Filter>Header Files</Filter>
    </ClInclude>
    <ClInclude Include="targetver.h">
      <Filter>Header Files</Filter>
    </ClInclude>
    <ClInclude Include="Resource.h">
      <Filter>Header Files</Filter>
    </ClInclude>
    <ClInclude Include="WinAPI_RPG.h">
      <Filter>Header Files</Filter>
    </ClInclude>
    <ClInclude Include="define.h">
      <Filter>Engine\01. Util</Filter>
    </ClInclude>
    <ClInclude Include="pch.h">
      <Filter>Source Files</Filter>
    </ClInclude>
    <ClInclude Include="CTimeManager.h">
      <Filter>Engine\02. Manager\TimeManager</Filter>
    </ClInclude>
    <ClInclude Include="CKeyManager.h">
      <Filter>Engine\02. Manager\KeyManager</Filter>
    </ClInclude>
    <ClInclude Include="CScene.h">
      <Filter>Engine\05. Scene</Filter>
    </ClInclude>
    <ClInclude Include="enum.h">
      <Filter>Engine\01. Util</Filter>
    </ClInclude>
    <ClInclude Include="CSceneManager.h">
      <Filter>Engine\02. Manager\SceneManager</Filter>
    </ClInclude>
    <ClInclude Include="CSaveManager.h">
      <Filter>Engine\02. Manager\SaveManager</Filter>
    </ClInclude>
    <ClInclude Include="memory.h">
      <Filter>Engine\01. Util</Filter>
    </ClInclude>
    <ClInclude Include="CResource.h">
      <Filter>Engine\04. Component\Resource</Filter>
    </ClInclude>
    <ClInclude Include="CTexture.h">
      <Filter>Engine\04. Component\Resource\Texture</Filter>
    </ClInclude>
    <ClInclude Include="constant.h">
      <Filter>Engine\01. Util</Filter>
    </ClInclude>
    <ClInclude Include="CPathManager.h">
      <Filter>Engine\02. Manager\PathManager</Filter>
    </ClInclude>
    <ClInclude Include="CSound.h">
      <Filter>Engine\04. Component\Resource\Sound</Filter>
    </ClInclude>
    <ClInclude Include="CResourceManager.h">
      <Filter>Engine\02. Manager\ResourceManager</Filter>
    </ClInclude>
    <ClInclude Include="CCollider.h">
      <Filter>Engine\04. Component\Collider</Filter>
    </ClInclude>
    <ClInclude Include="Vec2.h">
      <Filter>Engine\01. Util\Type</Filter>
    </ClInclude>
    <ClInclude Include="Mat3.h">
      <Filter>Engine\01. Util\Type</Filter>
    </ClInclude>
    <ClInclude Include="CMainGame.h">
      <Filter>Engine\02. Manager\GameManager</Filter>
    </ClInclude>
    <ClInclude Include="CManager.h">
      <Filter>Engine\02. Manager</Filter>
    </ClInclude>
    <ClInclude Include="CObject.h">
      <Filter>Engine\03. Object</Filter>
    </ClInclude>
    <ClInclude Include="CComponent.h">
      <Filter>Engine\04. Component</Filter>
    </ClInclude>
    <ClInclude Include="CUIManager.h">
      <Filter>Engine\02. Manager\UIManager</Filter>
    </ClInclude>
    <ClInclude Include="CUI.h">
      <Filter>Engine\06. UI</Filter>
    </ClInclude>
    <ClInclude Include="CInventoryUI.h">
      <Filter>Engine\06. UI\InventoryUI</Filter>
    </ClInclude>
    <ClInclude Include="CTransform.h">
      <Filter>Engine\01. Util\Transform</Filter>
    </ClInclude>
    <ClInclude Include="CCharacter.h">
      <Filter>Engine\03. Object\Character</Filter>
    </ClInclude>
    <ClInclude Include="CMonster.h">
      <Filter>Engine\03. Object\Character\Monster</Filter>
    </ClInclude>
    <ClInclude Include="CPlayer.h">
      <Filter>Engine\03. Object\Character\Player</Filter>
    </ClInclude>
    <ClInclude Include="CBase.h">
      <Filter>Engine\00. Base</Filter>
    </ClInclude>
    <ClInclude Include="CAbstractFactory.h">
      <Filter>Engine\01. Util\Factory</Filter>
    </ClInclude>
    <ClInclude Include="CEventManager.h">
      <Filter>Engine\02. Manager\EventManager</Filter>
    </ClInclude>
    <ClInclude Include="CEventHandle.h">
      <Filter>Engine\01. Util\Event</Filter>
    </ClInclude>
    <ClInclude Include="EventContext.h">
      <Filter>Engine\01. Util\Struct</Filter>
    </ClInclude>
    <ClInclude Include="CInventory.h">
      <Filter>Engine\04. Component\Inventory</Filter>
    </ClInclude>
    <ClInclude Include="CItem.h">
      <Filter>Engine\03. Object\Item</Filter>
    </ClInclude>
    <ClInclude Include="CEquipment.h">
      <Filter>Engine\04. Component\Equipment</Filter>
    </ClInclude>
    <ClInclude Include="CEquipItem.h">
      <Filter>Engine\03. Object\Item\Equip</Filter>
    </ClInclude>
    <ClInclude Include="CSkill.h">
      <Filter>Engine\03. Object\Skill</Filter>
    </ClInclude>
    <ClInclude Include="CController.h">
      <Filter>Engine\03. Object\Controller</Filter>
    </ClInclude>
    <ClInclude Include="CCursor.h">
      <Filter>Engine\03. Object\Cursor</Filter>
    </ClInclude>
    <ClInclude Include="CCollisionManager.h">
      <Filter>Engine\02. Manager\CollisionManager</Filter>
    </ClInclude>
    <ClInclude Include="MathUtil.h">
      <Filter>Engine\01. Util\Math</Filter>
    </ClInclude>
    <ClInclude Include="Third-party\magic_enum.hpp">
      <Filter>Third-party</Filter>
    </ClInclude>
    <ClInclude Include="CEquipmentUI.h">
      <Filter>Engine\06. UI\EquipmentUI</Filter>
    </ClInclude>
  </ItemGroup>
  <ItemGroup>
    <ClCompile Include="main.cpp">
      <Filter>Source Files</Filter>
    </ClCompile>
    <ClCompile Include="pch.cpp">
      <Filter>Source Files</Filter>
    </ClCompile>
    <ClCompile Include="CKeyManager.cpp">
      <Filter>Engine\02. Manager\KeyManager</Filter>
    </ClCompile>
    <ClCompile Include="CScene.cpp">
      <Filter>Engine\05. Scene</Filter>
    </ClCompile>
    <ClCompile Include="CSceneManager.cpp">
      <Filter>Engine\02. Manager\SceneManager</Filter>
    </ClCompile>
    <ClCompile Include="CSaveManager.cpp">
      <Filter>Engine\02. Manager\SaveManager</Filter>
    </ClCompile>
    <ClCompile Include="CResource.cpp">
      <Filter>Engine\04. Component\Resource</Filter>
    </ClCompile>
    <ClCompile Include="CTexture.cpp">
      <Filter>Engine\04. Component\Resource\Texture</Filter>
    </ClCompile>
    <ClCompile Include="CPathManager.cpp">
      <Filter>Engine\02. Manager\PathManager</Filter>
    </ClCompile>
    <ClCompile Include="CSound.cpp">
      <Filter>Engine\04. Component\Resource\Sound</Filter>
    </ClCompile>
    <ClCompile Include="CResourceManager.cpp">
      <Filter>Engine\02. Manager\ResourceManager</Filter>
    </ClCompile>
    <ClCompile Include="CCollider.cpp">
      <Filter>Engine\04. Component\Collider</Filter>
    </ClCompile>
    <ClCompile Include="Mat3.cpp">
      <Filter>Engine\01. Util\Type</Filter>
    </ClCompile>
    <ClCompile Include="Vec2.cpp">
      <Filter>Engine\01. Util\Type</Filter>
    </ClCompile>
    <ClCompile Include="CMainGame.cpp">
      <Filter>Engine\02. Manager\GameManager</Filter>
    </ClCompile>
    <ClCompile Include="CManager.cpp">
      <Filter>Engine\02. Manager</Filter>
    </ClCompile>
    <ClCompile Include="CObject.cpp">
      <Filter>Engine\03. Object</Filter>
    </ClCompile>
    <ClCompile Include="CComponent.cpp">
      <Filter>Engine\04. Component</Filter>
    </ClCompile>
    <ClCompile Include="CUIManager.cpp">
      <Filter>Engine\02. Manager\UIManager</Filter>
    </ClCompile>
    <ClCompile Include="CUI.cpp">
      <Filter>Engine\06. UI</Filter>
    </ClCompile>
    <ClCompile Include="CInventoryUI.cpp">
      <Filter>Engine\06. UI\InventoryUI</Filter>
    </ClCompile>
    <ClCompile Include="CTransform.cpp">
      <Filter>Engine\01. Util\Transform</Filter>
    </ClCompile>
    <ClCompile Include="CCharacter.cpp">
      <Filter>Engine\03. Object\Character</Filter>
    </ClCompile>
    <ClCompile Include="CMonster.cpp">
      <Filter>Engine\03. Object\Character\Monster</Filter>
    </ClCompile>
    <ClCompile Include="CPlayer.cpp">
      <Filter>Engine\03. Object\Character\Player</Filter>
    </ClCompile>
    <ClCompile Include="CBase.cpp">
      <Filter>Engine\00. Base</Filter>
    </ClCompile>
    <ClCompile Include="CAbstractFactory.cpp">
      <Filter>Engine\01. Util\Factory</Filter>
    </ClCompile>
    <ClCompile Include="CEventManager.cpp">
      <Filter>Engine\02. Manager\EventManager</Filter>
    </ClCompile>
    <ClCompile Include="CEventHandle.cpp">
      <Filter>Engine\01. Util\Event</Filter>
    </ClCompile>
    <ClCompile Include="CTimeManager.cpp">
      <Filter>Engine\02. Manager\TimeManager</Filter>
    </ClCompile>
    <ClCompile Include="CInventory.cpp">
      <Filter>Engine\04. Component\Inventory</Filter>
    </ClCompile>
    <ClCompile Include="CItem.cpp">
      <Filter>Engine\03. Object\Item</Filter>
    </ClCompile>
    <ClCompile Include="CEquipment.cpp">
      <Filter>Engine\04. Component\Equipment</Filter>
    </ClCompile>
    <ClCompile Include="CEquipItem.cpp">
      <Filter>Engine\03. Object\Item\Equip</Filter>
    </ClCompile>
    <ClCompile Include="CSkill.cpp">
      <Filter>Engine\03. Object\Skill</Filter>
    </ClCompile>
    <ClCompile Include="CController.cpp">
      <Filter>Engine\03. Object\Controller</Filter>
    </ClCompile>
    <ClCompile Include="CCursor.cpp">
      <Filter>Engine\03. Object\Cursor</Filter>
    </ClCompile>
    <ClCompile Include="CCollisionManager.cpp">
      <Filter>Engine\02. Manager\CollisionManager</Filter>
    </ClCompile>
    <ClCompile Include="CEquipmentUI.cpp">
      <Filter>Engine\06. UI\EquipmentUI</Filter>
    </ClCompile>
  </ItemGroup>
  <ItemGroup>
    <ResourceCompile Include="WinAPI_RPG.rc">
      <Filter>Resource Files</Filter>
    </ResourceCompile>
  </ItemGroup>
  <ItemGroup>
    <Image Include="small.ico">
      <Filter>Resource Files</Filter>
    </Image>
    <Image Include="WinAPI_RPG.ico">
      <Filter>Resource Files</Filter>
    </Image>
  </ItemGroup>
  <ItemGroup>
    <None Include="Map1.json">
      <Filter>Content\Map</Filter>
    </None>
  </ItemGroup>
</Project>